
Microsoft Visual Studio Solution File, Format Version 12.00
# Visual Studio Version 16
VisualStudioVersion = 16.0.31205.134
MinimumVisualStudioVersion = 10.0.40219.1
Project("{9A19103F-16F7-4668-BE54-9A1E7A4F7556}") = "DataAccess", "DataAccess\DataAccess.csproj", "{97E4860D-270E-42EC-9D52-A4E92A937DEE}"
EndProject
Project("{9A19103F-16F7-4668-BE54-9A1E7A4F7556}") = "Business", "Business\Business.csproj", "{9672EF39-9126-4112-AC39-C4D7F47C989A}"
EndProject
Project("{9A19103F-16F7-4668-BE54-9A1E7A4F7556}") = "ConsoleUI", "ConsoleUI\ConsoleUI.csproj", "{CF7C9A34-6A04-465E-A6FD-815E50A178DF}"
EndProject
Project("{FAE04EC0-301F-11D3-BF4B-00C04F79EFBC}") = "Core", "Core\Core.csproj", "{69128371-C976-4BE9-AFDA-F8EBB802135A}"
EndProject
Project("{FAE04EC0-301F-11D3-BF4B-00C04F79EFBC}") = "Entities", "Entities\Entities.csproj", "{08EB18FE-C2B5-4560-B38C-E640A28A8907}"
EndProject
Global
	GlobalSection(SolutionConfigurationPlatforms) = preSolution
		Debug|Any CPU = Debug|Any CPU
		Release|Any CPU = Release|Any CPU
	EndGlobalSection
	GlobalSection(ProjectConfigurationPlatforms) = postSolution
		{97E4860D-270E-42EC-9D52-A4E92A937DEE}.Debug|Any CPU.ActiveCfg = Debug|Any CPU
		{97E4860D-270E-42EC-9D52-A4E92A937DEE}.Debug|Any CPU.Build.0 = Debug|Any CPU
		{97E4860D-270E-42EC-9D52-A4E92A937DEE}.Release|Any CPU.ActiveCfg = Release|Any CPU
		{97E4860D-270E-42EC-9D52-A4E92A937DEE}.Release|Any CPU.Build.0 = Release|Any CPU
		{9672EF39-9126-4112-AC39-C4D7F47C989A}.Debug|Any CPU.ActiveCfg = Debug|Any CPU
		{9672EF39-9126-4112-AC39-C4D7F47C989A}.Debug|Any CPU.Build.0 = Debug|Any CPU
		{9672EF39-9126-4112-AC39-C4D7F47C989A}.Release|Any CPU.ActiveCfg = Release|Any CPU
		{9672EF39-9126-4112-AC39-C4D7F47C989A}.Release|Any CPU.Build.0 = Release|Any CPU
		{CF7C9A34-6A04-465E-A6FD-815E50A178DF}.Debug|Any CPU.ActiveCfg = Debug|Any CPU
		{CF7C9A34-6A04-465E-A6FD-815E50A178DF}.Debug|Any CPU.Build.0 = Debug|Any CPU
		{CF7C9A34-6A04-465E-A6FD-815E50A178DF}.Release|Any CPU.ActiveCfg = Release|Any CPU
		{CF7C9A34-6A04-465E-A6FD-815E50A178DF}.Release|Any CPU.Build.0 = Release|Any CPU
		{69128371-C976-4BE9-AFDA-F8EBB802135A}.Debug|Any CPU.ActiveCfg = Debug|Any CPU
		{69128371-C976-4BE9-AFDA-F8EBB802135A}.Debug|Any CPU.Build.0 = Debug|Any CPU
		{69128371-C976-4BE9-AFDA-F8EBB802135A}.Release|Any CPU.ActiveCfg = Release|Any CPU
		{69128371-C976-4BE9-AFDA-F8EBB802135A}.Release|Any CPU.Build.0 = Release|Any CPU
		{08EB18FE-C2B5-4560-B38C-E640A28A8907}.Debug|Any CPU.ActiveCfg = Debug|Any CPU
		{08EB18FE-C2B5-4560-B38C-E640A28A8907}.Debug|Any CPU.Build.0 = Debug|Any CPU
		{08EB18FE-C2B5-4560-B38C-E640A28A8907}.Release|Any CPU.ActiveCfg = Release|Any CPU
		{08EB18FE-C2B5-4560-B38C-E640A28A8907}.Release|Any CPU.Build.0 = Release|Any CPU
	EndGlobalSection
	GlobalSection(SolutionProperties) = preSolution
		HideSolutionNode = FALSE
	EndGlobalSection
	GlobalSection(ExtensibilityGlobals) = postSolution
		SolutionGuid = {9A64231A-61FC-4129-B179-7FDB4DE30109}
	EndGlobalSection
EndGlobal
